
Microsoft Visual Studio Solution File, Format Version 12.00
# Visual Studio 15
VisualStudioVersion = 15.0.27428.2015
MinimumVisualStudioVersion = 10.0.40219.1
Project("{FAE04EC0-301F-11D3-BF4B-00C04F79EFBC}") = "Nimator", "Nimator\Nimator.csproj", "{63960BA1-8504-4CB4-9587-2CA1BCF56EDD}"
EndProject
Project("{FAE04EC0-301F-11D3-BF4B-00C04F79EFBC}") = "Nimator.Tests", "Nimator.Tests\Nimator.Tests.csproj", "{F2C717B8-EAC5-4A9E-89E6-28AD14F56EC6}"
EndProject
Project("{FAE04EC0-301F-11D3-BF4B-00C04F79EFBC}") = "Nimator.CouchBase", "Nimator.CouchBase\Nimator.CouchBase.csproj", "{7095D392-CFCC-4FA6-A991-9106396122CC}"
EndProject
Project("{FAE04EC0-301F-11D3-BF4B-00C04F79EFBC}") = "Nimator.Couchbase.Tests", "Nimator.Couchbase.Tests\Nimator.Couchbase.Tests.csproj", "{96B49DDD-3513-4455-934B-4C9180500392}"
EndProject
Project("{FAE04EC0-301F-11D3-BF4B-00C04F79EFBC}") = "Nimator.ConsoleHost", "Nimator.ConsoleHost\Nimator.ConsoleHost.csproj", "{80292C20-B48C-4F38-B6B9-388C0E32D37F}"
EndProject
Project("{2150E333-8FDC-42A3-9474-1A3956D46DE8}") = "Solution Items", "Solution Items", "{1F80E112-0E38-4459-984C-1669911B2F60}"
	ProjectSection(SolutionItems) = preProject
		README.md = README.md
	EndProjectSection
EndProject
Global
	GlobalSection(SolutionConfigurationPlatforms) = preSolution
		Debug|Any CPU = Debug|Any CPU
		Release|Any CPU = Release|Any CPU
	EndGlobalSection
	GlobalSection(ProjectConfigurationPlatforms) = postSolution
		{63960BA1-8504-4CB4-9587-2CA1BCF56EDD}.Debug|Any CPU.ActiveCfg = Debug|Any CPU
		{63960BA1-8504-4CB4-9587-2CA1BCF56EDD}.Debug|Any CPU.Build.0 = Debug|Any CPU
		{63960BA1-8504-4CB4-9587-2CA1BCF56EDD}.Release|Any CPU.ActiveCfg = Release|Any CPU
		{63960BA1-8504-4CB4-9587-2CA1BCF56EDD}.Release|Any CPU.Build.0 = Release|Any CPU
		{F2C717B8-EAC5-4A9E-89E6-28AD14F56EC6}.Debug|Any CPU.ActiveCfg = Debug|Any CPU
		{F2C717B8-EAC5-4A9E-89E6-28AD14F56EC6}.Debug|Any CPU.Build.0 = Debug|Any CPU
		{F2C717B8-EAC5-4A9E-89E6-28AD14F56EC6}.Release|Any CPU.ActiveCfg = Release|Any CPU
		{F2C717B8-EAC5-4A9E-89E6-28AD14F56EC6}.Release|Any CPU.Build.0 = Release|Any CPU
		{7095D392-CFCC-4FA6-A991-9106396122CC}.Debug|Any CPU.ActiveCfg = Debug|Any CPU
		{7095D392-CFCC-4FA6-A991-9106396122CC}.Debug|Any CPU.Build.0 = Debug|Any CPU
		{7095D392-CFCC-4FA6-A991-9106396122CC}.Release|Any CPU.ActiveCfg = Release|Any CPU
		{7095D392-CFCC-4FA6-A991-9106396122CC}.Release|Any CPU.Build.0 = Release|Any CPU
		{96B49DDD-3513-4455-934B-4C9180500392}.Debug|Any CPU.ActiveCfg = Debug|Any CPU
		{96B49DDD-3513-4455-934B-4C9180500392}.Debug|Any CPU.Build.0 = Debug|Any CPU
		{96B49DDD-3513-4455-934B-4C9180500392}.Release|Any CPU.ActiveCfg = Release|Any CPU
		{96B49DDD-3513-4455-934B-4C9180500392}.Release|Any CPU.Build.0 = Release|Any CPU
		{80292C20-B48C-4F38-B6B9-388C0E32D37F}.Debug|Any CPU.ActiveCfg = Debug|Any CPU
		{80292C20-B48C-4F38-B6B9-388C0E32D37F}.Debug|Any CPU.Build.0 = Debug|Any CPU
		{80292C20-B48C-4F38-B6B9-388C0E32D37F}.Release|Any CPU.ActiveCfg = Release|Any CPU
		{80292C20-B48C-4F38-B6B9-388C0E32D37F}.Release|Any CPU.Build.0 = Release|Any CPU
	EndGlobalSection
	GlobalSection(SolutionProperties) = preSolution
		HideSolutionNode = FALSE
	EndGlobalSection
	GlobalSection(ExtensibilityGlobals) = postSolution
		SolutionGuid = {A39128B5-0269-432C-BD56-58FFF6486855}
	EndGlobalSection
EndGlobal
